// !$*UTF8*$!
{
	archiveVersion = 1;
	classes = {
	};
	objectVersion = 46;
	objects = {

/* Begin PBXBuildFile section */
		98379B201D24F5A1007EBAF6 /* main.m in Sources */ = {isa = PBXBuildFile; fileRef = 98379B1F1D24F5A1007EBAF6 /* main.m */; };
		98379B231D24F5A1007EBAF6 /* AppDelegate.m in Sources */ = {isa = PBXBuildFile; fileRef = 98379B221D24F5A1007EBAF6 /* AppDelegate.m */; };
		98379B261D24F5A1007EBAF6 /* ViewController.m in Sources */ = {isa = PBXBuildFile; fileRef = 98379B251D24F5A1007EBAF6 /* ViewController.m */; };
		98379B291D24F5A1007EBAF6 /* Main.storyboard in Resources */ = {isa = PBXBuildFile; fileRef = 98379B271D24F5A1007EBAF6 /* Main.storyboard */; };
		98379B2B1D24F5A1007EBAF6 /* Assets.xcassets in Resources */ = {isa = PBXBuildFile; fileRef = 98379B2A1D24F5A1007EBAF6 /* Assets.xcassets */; };
		98379B2E1D24F5A1007EBAF6 /* LaunchScreen.storyboard in Resources */ = {isa = PBXBuildFile; fileRef = 98379B2C1D24F5A1007EBAF6 /* LaunchScreen.storyboard */; };
		98379B371D24F73C007EBAF6 /* Dog.m in Sources */ = {isa = PBXBuildFile; fileRef = 98379B361D24F73C007EBAF6 /* Dog.m */; };
		98379B3A1D24F745007EBAF6 /* Person.m in Sources */ = {isa = PBXBuildFile; fileRef = 98379B391D24F745007EBAF6 /* Person.m */; };
		98379B3D1D24FCD8007EBAF6 /* cat.m in Sources */ = {isa = PBXBuildFile; fileRef = 98379B3C1D24FCD8007EBAF6 /* cat.m */; };
/* End PBXBuildFile section */

/* Begin PBXFileReference section */
		98379B1B1D24F5A1007EBAF6 /* test.app */ = {isa = PBXFileReference; explicitFileType = wrapper.application; includeInIndex = 0; path = test.app; sourceTree = BUILT_PRODUCTS_DIR; };
		98379B1F1D24F5A1007EBAF6 /* main.m */ = {isa = PBXFileReference; lastKnownFileType = sourcecode.c.objc; path = main.m; sourceTree = "<group>"; };
		98379B211D24F5A1007EBAF6 /* AppDelegate.h */ = {isa = PBXFileReference; lastKnownFileType = sourcecode.c.h; path = AppDelegate.h; sourceTree = "<group>"; };
		98379B221D24F5A1007EBAF6 /* AppDelegate.m */ = {isa = PBXFileReference; lastKnownFileType = sourcecode.c.objc; path = AppDelegate.m; sourceTree = "<group>"; };
		98379B241D24F5A1007EBAF6 /* ViewController.h */ = {isa = PBXFileReference; lastKnownFileType = sourcecode.c.h; path = ViewController.h; sourceTree = "<group>"; };
		98379B251D24F5A1007EBAF6 /* ViewController.m */ = {isa = PBXFileReference; lastKnownFileType = sourcecode.c.objc; path = ViewController.m; sourceTree = "<group>"; };
		98379B281D24F5A1007EBAF6 /* Base */ = {isa = PBXFileReference; lastKnownFileType = file.storyboard; name = Base; path = Base.lproj/Main.storyboard; sourceTree = "<group>"; };
		98379B2A1D24F5A1007EBAF6 /* Assets.xcassets */ = {isa = PBXFileReference; lastKnownFileType = folder.assetcatalog; path = Assets.xcassets; sourceTree = "<group>"; };
		98379B2D1D24F5A1007EBAF6 /* Base */ = {isa = PBXFileReference; lastKnownFileType = file.storyboard; name = Base; path = Base.lproj/LaunchScreen.storyboard; sourceTree = "<group>"; };
		98379B2F1D24F5A1007EBAF6 /* Info.plist */ = {isa = PBXFileReference; lastKnownFileType = text.plist.xml; path = Info.plist; sourceTree = "<group>"; };
		98379B351D24F73C007EBAF6 /* Dog.h */ = {isa = PBXFileReference; fileEncoding = 4; lastKnownFileType = sourcecode.c.h; path = Dog.h; sourceTree = "<group>"; };
		98379B361D24F73C007EBAF6 /* Dog.m */ = {isa = PBXFileReference; fileEncoding = 4; lastKnownFileType = sourcecode.c.objc; path = Dog.m; sourceTree = "<group>"; };
		98379B381D24F745007EBAF6 /* Person.h */ = {isa = PBXFileReference; fileEncoding = 4; lastKnownFileType = sourcecode.c.h; path = Person.h; sourceTree = "<group>"; };
		98379B391D24F745007EBAF6 /* Person.m */ = {isa = PBXFileReference; fileEncoding = 4; lastKnownFileType = sourcecode.c.objc; path = Person.m; sourceTree = "<group>"; };
		98379B3B1D24FCD8007EBAF6 /* cat.h */ = {isa = PBXFileReference; fileEncoding = 4; lastKnownFileType = sourcecode.c.h; path = cat.h; sourceTree = "<group>"; };
		98379B3C1D24FCD8007EBAF6 /* cat.m */ = {isa = PBXFileReference; fileEncoding = 4; lastKnownFileType = sourcecode.c.objc; path = cat.m; sourceTree = "<group>"; };
/* End PBXFileReference section */

/* Begin PBXFrameworksBuildPhase section */
		98379B181D24F5A1007EBAF6 /* Frameworks */ = {
			isa = PBXFrameworksBuildPhase;
			buildActionMask = 2147483647;
			files = (
			);
			runOnlyForDeploymentPostprocessing = 0;
		};
/* End PBXFrameworksBuildPhase section */

/* Begin PBXGroup section */
		98379B121D24F5A1007EBAF6 = {
			isa = PBXGroup;
			children = (
				98379B1D1D24F5A1007EBAF6 /* test */,
				98379B1C1D24F5A1007EBAF6 /* Products */,
			);
			sourceTree = "<group>";
		};
		98379B1C1D24F5A1007EBAF6 /* Products */ = {
			isa = PBXGroup;
			children = (
				98379B1B1D24F5A1007EBAF6 /* test.app */,
			);
			name = Products;
			sourceTree = "<group>";
		};
		98379B1D1D24F5A1007EBAF6 /* test */ = {
			isa = PBXGroup;
			children = (
				98379B211D24F5A1007EBAF6 /* AppDelegate.h */,
				98379B221D24F5A1007EBAF6 /* AppDelegate.m */,
				98379B241D24F5A1007EBAF6 /* ViewController.h */,
				98379B251D24F5A1007EBAF6 /* ViewController.m */,
				98379B3B1D24FCD8007EBAF6 /* cat.h */,
				98379B3C1D24FCD8007EBAF6 /* cat.m */,
				98379B351D24F73C007EBAF6 /* Dog.h */,
				98379B361D24F73C007EBAF6 /* Dog.m */,
				98379B381D24F745007EBAF6 /* Person.h */,
				98379B391D24F745007EBAF6 /* Person.m */,
				98379B271D24F5A1007EBAF6 /* Main.storyboard */,
				98379B2A1D24F5A1007EBAF6 /* Assets.xcassets */,
				98379B2C1D24F5A1007EBAF6 /* LaunchScreen.storyboard */,
				98379B2F1D24F5A1007EBAF6 /* Info.plist */,
				98379B1E1D24F5A1007EBAF6 /* Supporting Files */,
			);
			path = test;
			sourceTree = "<group>";
		};
		98379B1E1D24F5A1007EBAF6 /* Supporting Files */ = {
			isa = PBXGroup;
			children = (
				98379B1F1D24F5A1007EBAF6 /* main.m */,
			);
			name = "Supporting Files";
			sourceTree = "<group>";
		};
/* End PBXGroup section */

/* Begin PBXNativeTarget section */
		98379B1A1D24F5A1007EBAF6 /* test */ = {
			isa = PBXNativeTarget;
			buildConfigurationList = 98379B321D24F5A1007EBAF6 /* Build configuration list for PBXNativeTarget "test" */;
			buildPhases = (
				98379B171D24F5A1007EBAF6 /* Sources */,
				98379B181D24F5A1007EBAF6 /* Frameworks */,
				98379B191D24F5A1007EBAF6 /* Resources */,
			);
			buildRules = (
			);
			dependencies = (
			);
			name = test;
			productName = test;
			productReference = 98379B1B1D24F5A1007EBAF6 /* test.app */;
			productType = "com.apple.product-type.application";
		};
/* End PBXNativeTarget section */

/* Begin PBXProject section */
		98379B131D24F5A1007EBAF6 /* Project object */ = {
			isa = PBXProject;
			attributes = {
				LastUpgradeCheck = 0730;
				ORGANIZATIONNAME = "刘旭笙";
				TargetAttributes = {
					98379B1A1D24F5A1007EBAF6 = {
						CreatedOnToolsVersion = 7.3;
					};
				};
			};
			buildConfigurationList = 98379B161D24F5A1007EBAF6 /* Build configuration list for PBXProject "test" */;
			compatibilityVersion = "Xcode 3.2";
			developmentRegion = English;
			hasScannedForEncodings = 0;
			knownRegions = (
				en,
				Base,
			);
			mainGroup = 98379B121D24F5A1007EBAF6;
			productRefGroup = 98379B1C1D24F5A1007EBAF6 /* Products */;
			projectDirPath = "";
			projectRoot = "";
			targets = (
				98379B1A1D24F5A1007EBAF6 /* test */,
			);
		};
/* End PBXProject section */

/* Begin PBXResourcesBuildPhase section */
		98379B191D24F5A1007EBAF6 /* Resources */ = {
			isa = PBXResourcesBuildPhase;
			buildActionMask = 2147483647;
			files = (
				98379B2E1D24F5A1007EBAF6 /* LaunchScreen.storyboard in Resources */,
				98379B2B1D24F5A1007EBAF6 /* Assets.xcassets in Resources */,
				98379B291D24F5A1007EBAF6 /* Main.storyboard in Resources */,
			);
			runOnlyForDeploymentPostprocessing = 0;
		};
/* End PBXResourcesBuildPhase section */

/* Begin PBXSourcesBuildPhase section */
		98379B171D24F5A1007EBAF6 /* Sources */ = {
			isa = PBXSourcesBuildPhase;
			buildActionMask = 2147483647;
			files = (
				98379B3D1D24FCD8007EBAF6 /* cat.m in Sources */,
				98379B261D24F5A1007EBAF6 /* ViewController.m in Sources */,
				98379B231D24F5A1007EBAF6 /* AppDelegate.m in Sources */,
				98379B3A1D24F745007EBAF6 /* Person.m in Sources */,
				98379B371D24F73C007EBAF6 /* Dog.m in Sources */,
				98379B201D24F5A1007EBAF6 /* main.m in Sources */,
			);
			runOnlyForDeploymentPostprocessing = 0;
		};
/* End PBXSourcesBuildPhase section */

/* Begin PBXVariantGroup section */
		98379B271D24F5A1007EBAF6 /* Main.storyboard */ = {
			isa = PBXVariantGroup;
			children = (
				98379B281D24F5A1007EBAF6 /* Base */,
			);
			name = Main.storyboard;
			sourceTree = "<group>";
		};
		98379B2C1D24F5A1007EBAF6 /* LaunchScreen.storyboard */ = {
			isa = PBXVariantGroup;
			children = (
				98379B2D1D24F5A1007EBAF6 /* Base */,
			);
			name = LaunchScreen.storyboard;
			sourceTree = "<group>";
		};
/* End PBXVariantGroup section */

/* Begin XCBuildConfiguration section */
		98379B301D24F5A1007EBAF6 /* Debug */ = {
			isa = XCBuildConfiguration;
			buildSettings = {
				ALWAYS_SEARCH_USER_PATHS = NO;
				CLANG_ANALYZER_NONNULL = YES;
				CLANG_CXX_LANGUAGE_STANDARD = "gnu++0x";
				CLANG_CXX_LIBRARY = "libc++";
				CLANG_ENABLE_MODULES = YES;
				CLANG_ENABLE_OBJC_ARC = YES;
				CLANG_WARN_BOOL_CONVERSION = YES;
				CLANG_WARN_CONSTANT_CONVERSION = YES;
				CLANG_WARN_DIRECT_OBJC_ISA_USAGE = YES_ERROR;
				CLANG_WARN_EMPTY_BODY = YES;
				CLANG_WARN_ENUM_CONVERSION = YES;
				CLANG_WARN_INT_CONVERSION = YES;
				CLANG_WARN_OBJC_ROOT_CLASS = YES_ERROR;
				CLANG_WARN_UNREACHABLE_CODE = YES;
				CLANG_WARN__DUPLICATE_METHOD_MATCH = YES;
				"CODE_SIGN_IDENTITY[sdk=iphoneos*]" = "iPhone Developer";
				COPY_PHASE_STRIP = NO;
				DEBUG_INFORMATION_FORMAT = dwarf;
				ENABLE_STRICT_OBJC_MSGSEND = YES;
				ENABLE_TESTABILITY = YES;
				GCC_C_LANGUAGE_STANDARD = gnu99;
				GCC_DYNAMIC_NO_PIC = NO;
				GCC_NO_COMMON_BLOCKS = YES;
				GCC_OPTIMIZATION_LEVEL = 0;
				GCC_PREPROCESSOR_DEFINITIONS = (
					"DEBUG=1",
					"$(inherited)",
				);
				GCC_WARN_64_TO_32_BIT_CONVERSION = YES;
				GCC_WARN_ABOUT_RETURN_TYPE = YES_ERROR;
				GCC_WARN_UNDECLARED_SELECTOR = YES;
				GCC_WARN_UNINITIALIZED_AUTOS = YES_AGGRESSIVE;
				GCC_WARN_UNUSED_FUNCTION = YES;
				GCC_WARN_UNUSED_VARIABLE = YES;
				IPHONEOS_DEPLOYMENT_TARGET = 9.3;
				MTL_ENABLE_DEBUG_INFO = YES;
				ONLY_ACTIVE_ARCH = YES;
				SDKROOT = iphoneos;
			};
			name = Debug;
		};
		98379B311D24F5A1007EBAF6 /* Release */ = {
			isa = XCBuildConfiguration;
			buildSettings = {
				ALWAYS_SEARCH_USER_PATHS = NO;
				CLANG_ANALYZER_NONNULL = YES;
				CLANG_CXX_LANGUAGE_STANDARD = "gnu++0x";
				CLANG_CXX_LIBRARY = "libc++";
				CLANG_ENABLE_MODULES = YES;
				CLANG_ENABLE_OBJC_ARC = YES;
				CLANG_WARN_BOOL_CONVERSION = YES;
				CLANG_WARN_CONSTANT_CONVERSION = YES;
				CLANG_WARN_DIRECT_OBJC_ISA_USAGE = YES_ERROR;
				CLANG_WARN_EMPTY_BODY = YES;
				CLANG_WARN_ENUM_CONVERSION = YES;
				CLANG_WARN_INT_CONVERSION = YES;
				CLANG_WARN_OBJC_ROOT_CLASS = YES_ERROR;
				CLANG_WARN_UNREACHABLE_CODE = YES;
				CLANG_WARN__DUPLICATE_METHOD_MATCH = YES;
				"CODE_SIGN_IDENTITY[sdk=iphoneos*]" = "iPhone Developer";
				COPY_PHASE_STRIP = NO;
				DEBUG_INFORMATION_FORMAT = "dwarf-with-dsym";
				ENABLE_NS_ASSERTIONS = NO;
				ENABLE_STRICT_OBJC_MSGSEND = YES;
				GCC_C_LANGUAGE_STANDARD = gnu99;
				GCC_NO_COMMON_BLOCKS = YES;
				GCC_WARN_64_TO_32_BIT_CONVERSION = YES;
				GCC_WARN_ABOUT_RETURN_TYPE = YES_ERROR;
				GCC_WARN_UNDECLARED_SELECTOR = YES;
				GCC_WARN_UNINITIALIZED_AUTOS = YES_AGGRESSIVE;
				GCC_WARN_UNUSED_FUNCTION = YES;
				GCC_WARN_UNUSED_VARIABLE = YES;
				IPHONEOS_DEPLOYMENT_TARGET = 9.3;
				MTL_ENABLE_DEBUG_INFO = NO;
				SDKROOT = iphoneos;
				VALIDATE_PRODUCT = YES;
			};
			name = Release;
		};
		98379B331D24F5A1007EBAF6 /* Debug */ = {
			isa = XCBuildConfiguration;
			buildSettings = {
				ASSETCATALOG_COMPILER_APPICON_NAME = AppIcon;
				INFOPLIST_FILE = test/Info.plist;
				LD_RUNPATH_SEARCH_PATHS = "$(inherited) @executable_path/Frameworks";
				PRODUCT_BUNDLE_IDENTIFIER = com.lxs.test;
				PRODUCT_NAME = "$(TARGET_NAME)";
			};
			name = Debug;
		};
		98379B341D24F5A1007EBAF6 /* Release */ = {
			isa = XCBuildConfiguration;
			buildSettings = {
				ASSETCATALOG_COMPILER_APPICON_NAME = AppIcon;
				INFOPLIST_FILE = test/Info.plist;
				LD_RUNPATH_SEARCH_PATHS = "$(inherited) @executable_path/Frameworks";
				PRODUCT_BUNDLE_IDENTIFIER = com.lxs.test;
				PRODUCT_NAME = "$(TARGET_NAME)";
			};
			name = Release;
		};
/* End XCBuildConfiguration section */

/* Begin XCConfigurationList section */
		98379B161D24F5A1007EBAF6 /* Build configuration list for PBXProject "test" */ = {
			isa = XCConfigurationList;
			buildConfigurations = (
				98379B301D24F5A1007EBAF6 /* Debug */,
				98379B311D24F5A1007EBAF6 /* Release */,
			);
			defaultConfigurationIsVisible = 0;
			defaultConfigurationName = Release;
		};
		98379B321D24F5A1007EBAF6 /* Build configuration list for PBXNativeTarget "test" */ = {
			isa = XCConfigurationList;
			buildConfigurations = (
				98379B331D24F5A1007EBAF6 /* Debug */,
				98379B341D24F5A1007EBAF6 /* Release */,
			);
			defaultConfigurationIsVisible = 0;
			defaultConfigurationName = Release;
		};
/* End XCConfigurationList section */
	};
	rootObject = 98379B131D24F5A1007EBAF6 /* Project object */;
}
